
Microsoft Visual Studio Solution File, Format Version 12.00
# Visual Studio Version 17
VisualStudioVersion = 17.7.34221.43
MinimumVisualStudioVersion = 10.0.40219.1
Project("{FAE04EC0-301F-11D3-BF4B-00C04F79EFBC}") = "WatchYourBalance", "WatchYourBalance\WatchYourBalance.csproj", "{98C66D5C-4ACC-4D4F-A394-73C44EB8D686}"
EndProject
Global
	GlobalSection(SolutionConfigurationPlatforms) = preSolution
		Debug|Any CPU = Debug|Any CPU
		Release|Any CPU = Release|Any CPU
	EndGlobalSection
	GlobalSection(ProjectConfigurationPlatforms) = postSolution
		{98C66D5C-4ACC-4D4F-A394-73C44EB8D686}.Debug|Any CPU.ActiveCfg = Debug|Any CPU
		{98C66D5C-4ACC-4D4F-A394-73C44EB8D686}.Debug|Any CPU.Build.0 = Debug|Any CPU
		{98C66D5C-4ACC-4D4F-A394-73C44EB8D686}.Release|Any CPU.ActiveCfg = Release|Any CPU
		{98C66D5C-4ACC-4D4F-A394-73C44EB8D686}.Release|Any CPU.Build.0 = Release|Any CPU
	EndGlobalSection
	GlobalSection(SolutionProperties) = preSolution
		HideSolutionNode = FALSE
	EndGlobalSection
	GlobalSection(ExtensibilityGlobals) = postSolution
		SolutionGuid = {3FA00988-7249-4FD2-9677-E744EDB3AAF0}
	EndGlobalSection
EndGlobal
